
Microsoft Visual Studio Solution File, Format Version 12.00
# Visual Studio 14
VisualStudioVersion = 14.0.25420.1
MinimumVisualStudioVersion = 10.0.40219.1
Project("{FAE04EC0-301F-11D3-BF4B-00C04F79EFBC}") = "SolarService", "SolarService\SolarService.csproj", "{DE1EBC3E-CC9A-4ECE-9B2D-39780BE38B20}"
EndProject
Project("{E24C65DC-7377-472B-9ABA-BC803B73C61A}") = "TryItPage(2)", "TryItPage\", "{5D2B9699-F300-4991-B828-158B20C935EF}"
	ProjectSection(WebsiteProperties) = preProject
		TargetFrameworkMoniker = ".NETFramework,Version%3Dv4.0"
		Debug.AspNetCompiler.VirtualPath = "/localhost_15893"
		Debug.AspNetCompiler.PhysicalPath = "TryItPage\"
		Debug.AspNetCompiler.TargetPath = "PrecompiledWeb\localhost_15893\"
		Debug.AspNetCompiler.Updateable = "true"
		Debug.AspNetCompiler.ForceOverwrite = "true"
		Debug.AspNetCompiler.FixedNames = "false"
		Debug.AspNetCompiler.Debug = "True"
		Release.AspNetCompiler.VirtualPath = "/localhost_15893"
		Release.AspNetCompiler.PhysicalPath = "TryItPage\"
		Release.AspNetCompiler.TargetPath = "PrecompiledWeb\localhost_15893\"
		Release.AspNetCompiler.Updateable = "true"
		Release.AspNetCompiler.ForceOverwrite = "true"
		Release.AspNetCompiler.FixedNames = "false"
		Release.AspNetCompiler.Debug = "False"
		VWDPort = "15893"
		SlnRelativePath = "TryItPage\"
	EndProjectSection
	ProjectSection(ProjectDependencies) = postProject
		{DE1EBC3E-CC9A-4ECE-9B2D-39780BE38B20} = {DE1EBC3E-CC9A-4ECE-9B2D-39780BE38B20}
		{983A747A-6BD5-4D14-9AF0-CE33BA7EF95A} = {983A747A-6BD5-4D14-9AF0-CE33BA7EF95A}
	EndProjectSection
EndProject
Project("{FAE04EC0-301F-11D3-BF4B-00C04F79EFBC}") = "WeatherForecastService", "WeatherForecastService\WeatherForecastService.csproj", "{983A747A-6BD5-4D14-9AF0-CE33BA7EF95A}"
EndProject
Global
	GlobalSection(SolutionConfigurationPlatforms) = preSolution
		Debug|Any CPU = Debug|Any CPU
		Release|Any CPU = Release|Any CPU
	EndGlobalSection
	GlobalSection(ProjectConfigurationPlatforms) = postSolution
		{DE1EBC3E-CC9A-4ECE-9B2D-39780BE38B20}.Debug|Any CPU.ActiveCfg = Debug|Any CPU
		{DE1EBC3E-CC9A-4ECE-9B2D-39780BE38B20}.Debug|Any CPU.Build.0 = Debug|Any CPU
		{DE1EBC3E-CC9A-4ECE-9B2D-39780BE38B20}.Release|Any CPU.ActiveCfg = Release|Any CPU
		{DE1EBC3E-CC9A-4ECE-9B2D-39780BE38B20}.Release|Any CPU.Build.0 = Release|Any CPU
		{5D2B9699-F300-4991-B828-158B20C935EF}.Debug|Any CPU.ActiveCfg = Debug|Any CPU
		{5D2B9699-F300-4991-B828-158B20C935EF}.Debug|Any CPU.Build.0 = Debug|Any CPU
		{5D2B9699-F300-4991-B828-158B20C935EF}.Release|Any CPU.ActiveCfg = Debug|Any CPU
		{5D2B9699-F300-4991-B828-158B20C935EF}.Release|Any CPU.Build.0 = Debug|Any CPU
		{983A747A-6BD5-4D14-9AF0-CE33BA7EF95A}.Debug|Any CPU.ActiveCfg = Debug|Any CPU
		{983A747A-6BD5-4D14-9AF0-CE33BA7EF95A}.Debug|Any CPU.Build.0 = Debug|Any CPU
		{983A747A-6BD5-4D14-9AF0-CE33BA7EF95A}.Release|Any CPU.ActiveCfg = Release|Any CPU
		{983A747A-6BD5-4D14-9AF0-CE33BA7EF95A}.Release|Any CPU.Build.0 = Release|Any CPU
	EndGlobalSection
	GlobalSection(SolutionProperties) = preSolution
		HideSolutionNode = FALSE
	EndGlobalSection
EndGlobal
